// !$*UTF8*$!
{
	archiveVersion = 1;
	classes = {
	};
	objectVersion = 46;
	objects = {

/* Begin PBXBuildFile section */
		0931D5681D64F16600576225 /* LayerView.swift in Sources */ = {isa = PBXBuildFile; fileRef = 0931D5671D64F16600576225 /* LayerView.swift */; };
		09F0B5D51D635FA7001AA084 /* LocationViewController.swift in Sources */ = {isa = PBXBuildFile; fileRef = 09F0B5D41D635FA7001AA084 /* LocationViewController.swift */; };
		B5EE628724921C176E2E30CA /* Pods_Repose.framework in Frameworks */ = {isa = PBXBuildFile; fileRef = 979C8D81AF1E3ABD71261933 /* Pods_Repose.framework */; };
		D81DBE481D64425B000894E6 /* LifelineViewController.swift in Sources */ = {isa = PBXBuildFile; fileRef = D81DBE441D64425B000894E6 /* LifelineViewController.swift */; };
		D81DBE491D64425B000894E6 /* LifelineTableViewCell.swift in Sources */ = {isa = PBXBuildFile; fileRef = D81DBE451D64425B000894E6 /* LifelineTableViewCell.swift */; };
		D81DBE4A1D64425B000894E6 /* LifelinesTableViewController.swift in Sources */ = {isa = PBXBuildFile; fileRef = D81DBE461D64425B000894E6 /* LifelinesTableViewController.swift */; };
		D81DBE4B1D64425B000894E6 /* Lifeline.swift in Sources */ = {isa = PBXBuildFile; fileRef = D81DBE471D64425B000894E6 /* Lifeline.swift */; };
		D8436C251D623A4E00B92064 /* SWRevealViewController.m in Sources */ = {isa = PBXBuildFile; fileRef = D8436C241D623A4E00B92064 /* SWRevealViewController.m */; };
		D8436C271D623D9000B92064 /* Podfile in Resources */ = {isa = PBXBuildFile; fileRef = D8436C261D623ACE00B92064 /* Podfile */; };
		D8436C2B1D623E2700B92064 /* Assets.xcassets in Resources */ = {isa = PBXBuildFile; fileRef = D84DC01C1D5D1509000FF1FA /* Assets.xcassets */; };
		D8436C2F1D623FD500B92064 /* Main.storyboard in Resources */ = {isa = PBXBuildFile; fileRef = D8436C2D1D623FD500B92064 /* Main.storyboard */; };
		D84DC02B1D5D1509000FF1FA /* ReposeTests.swift in Sources */ = {isa = PBXBuildFile; fileRef = D84DC02A1D5D1509000FF1FA /* ReposeTests.swift */; };
		D84DC0361D5D1509000FF1FA /* ReposeUITests.swift in Sources */ = {isa = PBXBuildFile; fileRef = D84DC0351D5D1509000FF1FA /* ReposeUITests.swift */; };
		D887AEB81D6235A7002B1F99 /* Default-568h@2x.png in Resources */ = {isa = PBXBuildFile; fileRef = D887AEB71D6235A7002B1F99 /* Default-568h@2x.png */; };
		D887AED31D62363A002B1F99 /* LoginViewController.swift in Sources */ = {isa = PBXBuildFile; fileRef = D887AEBC1D62363A002B1F99 /* LoginViewController.swift */; };
		D887AED41D62363A002B1F99 /* CheckListTableViewCell.swift in Sources */ = {isa = PBXBuildFile; fileRef = D887AEBD1D62363A002B1F99 /* CheckListTableViewCell.swift */; };
		D887AED51D62363A002B1F99 /* ListItem.swift in Sources */ = {isa = PBXBuildFile; fileRef = D887AEBE1D62363A002B1F99 /* ListItem.swift */; };
		D887AED61D62363A002B1F99 /* SafetyChecklistViewController.swift in Sources */ = {isa = PBXBuildFile; fileRef = D887AEBF1D62363A002B1F99 /* SafetyChecklistViewController.swift */; };
		D887AED71D62363A002B1F99 /* AffirmationsViewController.swift in Sources */ = {isa = PBXBuildFile; fileRef = D887AEC01D62363A002B1F99 /* AffirmationsViewController.swift */; };
		D887AED81D62363A002B1F99 /* SurveyTask.swift in Sources */ = {isa = PBXBuildFile; fileRef = D887AEC11D62363A002B1F99 /* SurveyTask.swift */; };
		D887AED91D62363A002B1F99 /* SurveyViewController.swift in Sources */ = {isa = PBXBuildFile; fileRef = D887AEC21D62363A002B1F99 /* SurveyViewController.swift */; };
		D887AEDA1D62363A002B1F99 /* HomeViewController.swift in Sources */ = {isa = PBXBuildFile; fileRef = D887AEC31D62363A002B1F99 /* HomeViewController.swift */; };
		D887AEDB1D62363A002B1F99 /* ConsentDocument.swift in Sources */ = {isa = PBXBuildFile; fileRef = D887AEC41D62363A002B1F99 /* ConsentDocument.swift */; };
		D887AEDC1D62363A002B1F99 /* ProfileViewController.swift in Sources */ = {isa = PBXBuildFile; fileRef = D887AEC51D62363A002B1F99 /* ProfileViewController.swift */; };
		D887AEDD1D62363A002B1F99 /* MenuController.swift in Sources */ = {isa = PBXBuildFile; fileRef = D887AEC61D62363A002B1F99 /* MenuController.swift */; };
		D887AEDE1D62363A002B1F99 /* circleViewController.swift in Sources */ = {isa = PBXBuildFile; fileRef = D887AEC71D62363A002B1F99 /* circleViewController.swift */; };
		D887AEDF1D62363A002B1F99 /* ConsentViewController.swift in Sources */ = {isa = PBXBuildFile; fileRef = D887AEC81D62363A002B1F99 /* ConsentViewController.swift */; };
		D887AEE01D62363A002B1F99 /* BreathViewController.swift in Sources */ = {isa = PBXBuildFile; fileRef = D887AEC91D62363A002B1F99 /* BreathViewController.swift */; };
		D887AEE11D62363A002B1F99 /* circleView.swift in Sources */ = {isa = PBXBuildFile; fileRef = D887AECA1D62363A002B1F99 /* circleView.swift */; };
		D887AEE21D62363A002B1F99 /* ConsentTask.swift in Sources */ = {isa = PBXBuildFile; fileRef = D887AECB1D62363A002B1F99 /* ConsentTask.swift */; };
		D887AEE31D62363A002B1F99 /* LandingViewController.swift in Sources */ = {isa = PBXBuildFile; fileRef = D887AECC1D62363A002B1F99 /* LandingViewController.swift */; };
		D887AEE51D62363A002B1F99 /* MenuTableViewController.swift in Sources */ = {isa = PBXBuildFile; fileRef = D887AECE1D62363A002B1F99 /* MenuTableViewController.swift */; };
		D887AEE61D62363A002B1F99 /* MicrophoneTask.swift in Sources */ = {isa = PBXBuildFile; fileRef = D887AECF1D62363A002B1F99 /* MicrophoneTask.swift */; };
		D887AEE71D62363A002B1F99 /* NewLifelineViewController.swift in Sources */ = {isa = PBXBuildFile; fileRef = D887AED01D62363A002B1F99 /* NewLifelineViewController.swift */; };
		D887AEEC1D623810002B1F99 /* AppDelegate.swift in Sources */ = {isa = PBXBuildFile; fileRef = D887AEEB1D623810002B1F99 /* AppDelegate.swift */; };
		D887AEEE1D623873002B1F99 /* StrikeThroughText.swift in Sources */ = {isa = PBXBuildFile; fileRef = D887AEED1D623873002B1F99 /* StrikeThroughText.swift */; };
		D887B4451D625BD3002FF270 /* ResearchKit.framework in Frameworks */ = {isa = PBXBuildFile; fileRef = D848717E1D62323A0086B4DC /* ResearchKit.framework */; };
		D887B4461D625BD3002FF270 /* ResearchKit.framework in Embed Frameworks */ = {isa = PBXBuildFile; fileRef = D848717E1D62323A0086B4DC /* ResearchKit.framework */; settings = {ATTRIBUTES = (CodeSignOnCopy, RemoveHeadersOnCopy, ); }; };
		D8C4A3C51D6445EC00A7D2B6 /* LineGraphDataSource.swift in Sources */ = {isa = PBXBuildFile; fileRef = D8C4A3C11D6445EC00A7D2B6 /* LineGraphDataSource.swift */; };
		D8C4A3CA1D6447C000A7D2B6 /* ProfilePageViewController.swift in Sources */ = {isa = PBXBuildFile; fileRef = D8C4A3C91D6447C000A7D2B6 /* ProfilePageViewController.swift */; };
		D8C4A3D21D644EBF00A7D2B6 /* Eventable.swift in Sources */ = {isa = PBXBuildFile; fileRef = D8C4A3D11D644EBF00A7D2B6 /* Eventable.swift */; };
/* End PBXBuildFile section */

/* Begin PBXContainerItemProxy section */
		D848717D1D62323A0086B4DC /* PBXContainerItemProxy */ = {
			isa = PBXContainerItemProxy;
			containerPortal = D8AFA8551D60B9D60095BBC5 /* ResearchKit.xcodeproj */;
			proxyType = 2;
			remoteGlobalIDString = B183A5951A8535D100C76870;
			remoteInfo = ResearchKit;
		};
		D848717F1D62323A0086B4DC /* PBXContainerItemProxy */ = {
			isa = PBXContainerItemProxy;
			containerPortal = D8AFA8551D60B9D60095BBC5 /* ResearchKit.xcodeproj */;
			proxyType = 2;
			remoteGlobalIDString = 86CC8E9A1AC09332001CCD89;
			remoteInfo = ResearchKitTests;
		};
		D84DC0271D5D1509000FF1FA /* PBXContainerItemProxy */ = {
			isa = PBXContainerItemProxy;
			containerPortal = D84DC00A1D5D1509000FF1FA /* Project object */;
			proxyType = 1;
			remoteGlobalIDString = D84DC0111D5D1509000FF1FA;
			remoteInfo = Repose;
		};
		D84DC0321D5D1509000FF1FA /* PBXContainerItemProxy */ = {
			isa = PBXContainerItemProxy;
			containerPortal = D84DC00A1D5D1509000FF1FA /* Project object */;
			proxyType = 1;
			remoteGlobalIDString = D84DC0111D5D1509000FF1FA;
			remoteInfo = Repose;
		};
		D887B4471D625BD3002FF270 /* PBXContainerItemProxy */ = {
			isa = PBXContainerItemProxy;
			containerPortal = D8AFA8551D60B9D60095BBC5 /* ResearchKit.xcodeproj */;
			proxyType = 1;
			remoteGlobalIDString = B183A4731A8535D100C76870;
			remoteInfo = ResearchKit;
		};
/* End PBXContainerItemProxy section */

/* Begin PBXCopyFilesBuildPhase section */
		D8AFA8631D60B9DE0095BBC5 /* Embed Frameworks */ = {
			isa = PBXCopyFilesBuildPhase;
			buildActionMask = 2147483647;
			dstPath = "";
			dstSubfolderSpec = 10;
			files = (
				D887B4461D625BD3002FF270 /* ResearchKit.framework in Embed Frameworks */,
			);
			name = "Embed Frameworks";
			runOnlyForDeploymentPostprocessing = 0;
		};
/* End PBXCopyFilesBuildPhase section */

/* Begin PBXFileReference section */
		0931D5671D64F16600576225 /* LayerView.swift */ = {isa = PBXFileReference; fileEncoding = 4; lastKnownFileType = sourcecode.swift; path = LayerView.swift; sourceTree = "<group>"; };
		09F0B5D41D635FA7001AA084 /* LocationViewController.swift */ = {isa = PBXFileReference; fileEncoding = 4; lastKnownFileType = sourcecode.swift; path = LocationViewController.swift; sourceTree = "<group>"; };
		979C8D81AF1E3ABD71261933 /* Pods_Repose.framework */ = {isa = PBXFileReference; explicitFileType = wrapper.framework; includeInIndex = 0; path = Pods_Repose.framework; sourceTree = BUILT_PRODUCTS_DIR; };
		D54B87118091B52614760F96 /* Pods-Repose.debug.xcconfig */ = {isa = PBXFileReference; includeInIndex = 1; lastKnownFileType = text.xcconfig; name = "Pods-Repose.debug.xcconfig"; path = "Pods/Target Support Files/Pods-Repose/Pods-Repose.debug.xcconfig"; sourceTree = "<group>"; };
		D81DBE441D64425B000894E6 /* LifelineViewController.swift */ = {isa = PBXFileReference; fileEncoding = 4; lastKnownFileType = sourcecode.swift; name = LifelineViewController.swift; path = ViewControllers/LifelineViewController.swift; sourceTree = SOURCE_ROOT; };
		D81DBE451D64425B000894E6 /* LifelineTableViewCell.swift */ = {isa = PBXFileReference; fileEncoding = 4; lastKnownFileType = sourcecode.swift; name = LifelineTableViewCell.swift; path = ViewControllers/LifelineTableViewCell.swift; sourceTree = SOURCE_ROOT; };
		D81DBE461D64425B000894E6 /* LifelinesTableViewController.swift */ = {isa = PBXFileReference; fileEncoding = 4; lastKnownFileType = sourcecode.swift; name = LifelinesTableViewController.swift; path = ViewControllers/LifelinesTableViewController.swift; sourceTree = SOURCE_ROOT; };
		D81DBE471D64425B000894E6 /* Lifeline.swift */ = {isa = PBXFileReference; fileEncoding = 4; lastKnownFileType = sourcecode.swift; name = Lifeline.swift; path = ViewControllers/Lifeline.swift; sourceTree = SOURCE_ROOT; };
		D841BAA81D601D170002727E /* Podfile */ = {isa = PBXFileReference; fileEncoding = 4; lastKnownFileType = text; path = Podfile; sourceTree = "<group>"; xcLanguageSpecificationIdentifier = xcode.lang.ruby; };
		D8436C221D623A4D00B92064 /* Repose-Bridging-Header.h */ = {isa = PBXFileReference; lastKnownFileType = sourcecode.c.h; path = "Repose-Bridging-Header.h"; sourceTree = "<group>"; };
		D8436C231D623A4E00B92064 /* SWRevealViewController.h */ = {isa = PBXFileReference; fileEncoding = 4; lastKnownFileType = sourcecode.c.h; name = SWRevealViewController.h; path = ViewControllers/SWRevealViewController.h; sourceTree = "<group>"; };
		D8436C241D623A4E00B92064 /* SWRevealViewController.m */ = {isa = PBXFileReference; fileEncoding = 4; lastKnownFileType = sourcecode.c.objc; name = SWRevealViewController.m; path = ViewControllers/SWRevealViewController.m; sourceTree = "<group>"; };
		D8436C261D623ACE00B92064 /* Podfile */ = {isa = PBXFileReference; lastKnownFileType = text; path = Podfile; sourceTree = "<group>"; xcLanguageSpecificationIdentifier = xcode.lang.ruby; };
		D8436C2E1D623FD500B92064 /* Base */ = {isa = PBXFileReference; lastKnownFileType = file.storyboard; name = Base; path = Base.lproj/Main.storyboard; sourceTree = SOURCE_ROOT; };
		D84DC0121D5D1509000FF1FA /* Repose.app */ = {isa = PBXFileReference; explicitFileType = wrapper.application; includeInIndex = 0; path = Repose.app; sourceTree = BUILT_PRODUCTS_DIR; };
		D84DC01C1D5D1509000FF1FA /* Assets.xcassets */ = {isa = PBXFileReference; lastKnownFileType = folder.assetcatalog; path = Assets.xcassets; sourceTree = "<group>"; };
		D84DC0211D5D1509000FF1FA /* Info.plist */ = {isa = PBXFileReference; lastKnownFileType = text.plist.xml; path = Info.plist; sourceTree = "<group>"; };
		D84DC0261D5D1509000FF1FA /* ReposeTests.xctest */ = {isa = PBXFileReference; explicitFileType = wrapper.cfbundle; includeInIndex = 0; path = ReposeTests.xctest; sourceTree = BUILT_PRODUCTS_DIR; };
		D84DC02A1D5D1509000FF1FA /* ReposeTests.swift */ = {isa = PBXFileReference; lastKnownFileType = sourcecode.swift; path = ReposeTests.swift; sourceTree = "<group>"; };
		D84DC02C1D5D1509000FF1FA /* Info.plist */ = {isa = PBXFileReference; lastKnownFileType = text.plist.xml; path = Info.plist; sourceTree = "<group>"; };
		D84DC0311D5D1509000FF1FA /* ReposeUITests.xctest */ = {isa = PBXFileReference; explicitFileType = wrapper.cfbundle; includeInIndex = 0; path = ReposeUITests.xctest; sourceTree = BUILT_PRODUCTS_DIR; };
		D84DC0351D5D1509000FF1FA /* ReposeUITests.swift */ = {isa = PBXFileReference; lastKnownFileType = sourcecode.swift; path = ReposeUITests.swift; sourceTree = "<group>"; };
		D84DC0371D5D1509000FF1FA /* Info.plist */ = {isa = PBXFileReference; lastKnownFileType = text.plist.xml; path = Info.plist; sourceTree = "<group>"; };
		D852FDAE1D618CA4006BD316 /* SafetyChecklistViewController.swift */ = {isa = PBXFileReference; fileEncoding = 4; lastKnownFileType = sourcecode.swift; name = SafetyChecklistViewController.swift; path = ViewControllers/SafetyChecklistViewController.swift; sourceTree = SOURCE_ROOT; };
		D852FDB01D618D79006BD316 /* ListItem.swift */ = {isa = PBXFileReference; fileEncoding = 4; lastKnownFileType = sourcecode.swift; name = ListItem.swift; path = ViewControllers/ListItem.swift; sourceTree = "<group>"; };
		D852FDB21D618DDE006BD316 /* CheckListTableViewCell.swift */ = {isa = PBXFileReference; fileEncoding = 4; lastKnownFileType = sourcecode.swift; name = CheckListTableViewCell.swift; path = ViewControllers/CheckListTableViewCell.swift; sourceTree = "<group>"; };
		D887AEB71D6235A7002B1F99 /* Default-568h@2x.png */ = {isa = PBXFileReference; lastKnownFileType = image.png; path = "Default-568h@2x.png"; sourceTree = "<group>"; };
		D887AEBC1D62363A002B1F99 /* LoginViewController.swift */ = {isa = PBXFileReference; lastKnownFileType = sourcecode.swift; name = LoginViewController.swift; path = ViewControllers/LoginViewController.swift; sourceTree = "<group>"; };
		D887AEBD1D62363A002B1F99 /* CheckListTableViewCell.swift */ = {isa = PBXFileReference; lastKnownFileType = sourcecode.swift; name = CheckListTableViewCell.swift; path = ViewControllers/CheckListTableViewCell.swift; sourceTree = "<group>"; };
		D887AEBE1D62363A002B1F99 /* ListItem.swift */ = {isa = PBXFileReference; lastKnownFileType = sourcecode.swift; name = ListItem.swift; path = ViewControllers/ListItem.swift; sourceTree = "<group>"; };
		D887AEBF1D62363A002B1F99 /* SafetyChecklistViewController.swift */ = {isa = PBXFileReference; lastKnownFileType = sourcecode.swift; name = SafetyChecklistViewController.swift; path = ViewControllers/SafetyChecklistViewController.swift; sourceTree = "<group>"; };
		D887AEC01D62363A002B1F99 /* AffirmationsViewController.swift */ = {isa = PBXFileReference; lastKnownFileType = sourcecode.swift; name = AffirmationsViewController.swift; path = ViewControllers/AffirmationsViewController.swift; sourceTree = "<group>"; };
		D887AEC11D62363A002B1F99 /* SurveyTask.swift */ = {isa = PBXFileReference; lastKnownFileType = sourcecode.swift; name = SurveyTask.swift; path = ViewControllers/SurveyTask.swift; sourceTree = "<group>"; };
		D887AEC21D62363A002B1F99 /* SurveyViewController.swift */ = {isa = PBXFileReference; lastKnownFileType = sourcecode.swift; name = SurveyViewController.swift; path = ViewControllers/SurveyViewController.swift; sourceTree = "<group>"; };
		D887AEC31D62363A002B1F99 /* HomeViewController.swift */ = {isa = PBXFileReference; lastKnownFileType = sourcecode.swift; name = HomeViewController.swift; path = ViewControllers/HomeViewController.swift; sourceTree = "<group>"; };
		D887AEC41D62363A002B1F99 /* ConsentDocument.swift */ = {isa = PBXFileReference; lastKnownFileType = sourcecode.swift; name = ConsentDocument.swift; path = ViewControllers/ConsentDocument.swift; sourceTree = "<group>"; };
		D887AEC51D62363A002B1F99 /* ProfileViewController.swift */ = {isa = PBXFileReference; lastKnownFileType = sourcecode.swift; name = ProfileViewController.swift; path = ViewControllers/ProfileViewController.swift; sourceTree = "<group>"; };
		D887AEC61D62363A002B1F99 /* MenuController.swift */ = {isa = PBXFileReference; lastKnownFileType = sourcecode.swift; name = MenuController.swift; path = ViewControllers/MenuController.swift; sourceTree = "<group>"; };
		D887AEC71D62363A002B1F99 /* circleViewController.swift */ = {isa = PBXFileReference; lastKnownFileType = sourcecode.swift; name = circleViewController.swift; path = ViewControllers/circleViewController.swift; sourceTree = "<group>"; };
		D887AEC81D62363A002B1F99 /* ConsentViewController.swift */ = {isa = PBXFileReference; lastKnownFileType = sourcecode.swift; name = ConsentViewController.swift; path = ViewControllers/ConsentViewController.swift; sourceTree = "<group>"; };
		D887AEC91D62363A002B1F99 /* BreathViewController.swift */ = {isa = PBXFileReference; lastKnownFileType = sourcecode.swift; name = BreathViewController.swift; path = ViewControllers/BreathViewController.swift; sourceTree = "<group>"; };
		D887AECA1D62363A002B1F99 /* circleView.swift */ = {isa = PBXFileReference; lastKnownFileType = sourcecode.swift; name = circleView.swift; path = ViewControllers/circleView.swift; sourceTree = "<group>"; };
		D887AECB1D62363A002B1F99 /* ConsentTask.swift */ = {isa = PBXFileReference; lastKnownFileType = sourcecode.swift; name = ConsentTask.swift; path = ViewControllers/ConsentTask.swift; sourceTree = "<group>"; };
		D887AECC1D62363A002B1F99 /* LandingViewController.swift */ = {isa = PBXFileReference; lastKnownFileType = sourcecode.swift; name = LandingViewController.swift; path = ViewControllers/LandingViewController.swift; sourceTree = "<group>"; };
		D887AECE1D62363A002B1F99 /* MenuTableViewController.swift */ = {isa = PBXFileReference; lastKnownFileType = sourcecode.swift; name = MenuTableViewController.swift; path = ViewControllers/MenuTableViewController.swift; sourceTree = "<group>"; };
		D887AECF1D62363A002B1F99 /* MicrophoneTask.swift */ = {isa = PBXFileReference; lastKnownFileType = sourcecode.swift; name = MicrophoneTask.swift; path = ViewControllers/MicrophoneTask.swift; sourceTree = "<group>"; };
		D887AED01D62363A002B1F99 /* NewLifelineViewController.swift */ = {isa = PBXFileReference; lastKnownFileType = sourcecode.swift; name = NewLifelineViewController.swift; path = ViewControllers/NewLifelineViewController.swift; sourceTree = "<group>"; };
		D887AEEB1D623810002B1F99 /* AppDelegate.swift */ = {isa = PBXFileReference; lastKnownFileType = sourcecode.swift; name = AppDelegate.swift; path = resources/AppDelegate.swift; sourceTree = "<group>"; };
		D887AEED1D623873002B1F99 /* StrikeThroughText.swift */ = {isa = PBXFileReference; lastKnownFileType = sourcecode.swift; name = StrikeThroughText.swift; path = ViewControllers/StrikeThroughText.swift; sourceTree = "<group>"; };
		D8AFA5341D60A2F50095BBC5 /* circleViewController.swift */ = {isa = PBXFileReference; fileEncoding = 4; lastKnownFileType = sourcecode.swift; path = circleViewController.swift; sourceTree = "<group>"; };
		D8AFA5361D60A2FA0095BBC5 /* circleView.swift */ = {isa = PBXFileReference; fileEncoding = 4; lastKnownFileType = sourcecode.swift; path = circleView.swift; sourceTree = "<group>"; };
		D8AFA53B1D60B9100095BBC5 /* ConsentDocument.swift */ = {isa = PBXFileReference; fileEncoding = 4; lastKnownFileType = sourcecode.swift; name = ConsentDocument.swift; path = ViewControllers/ConsentDocument.swift; sourceTree = "<group>"; };
		D8AFA53C1D60B9100095BBC5 /* ConsentTask.swift */ = {isa = PBXFileReference; fileEncoding = 4; lastKnownFileType = sourcecode.swift; name = ConsentTask.swift; path = ViewControllers/ConsentTask.swift; sourceTree = "<group>"; };
		D8AFA53E1D60B9100095BBC5 /* SurveyTask.swift */ = {isa = PBXFileReference; fileEncoding = 4; lastKnownFileType = sourcecode.swift; name = SurveyTask.swift; path = ViewControllers/SurveyTask.swift; sourceTree = "<group>"; };
		D8AFA53F1D60B9100095BBC5 /* SurveyViewController.swift */ = {isa = PBXFileReference; fileEncoding = 4; lastKnownFileType = sourcecode.swift; name = SurveyViewController.swift; path = ViewControllers/SurveyViewController.swift; sourceTree = "<group>"; };
		D8AFA8551D60B9D60095BBC5 /* ResearchKit.xcodeproj */ = {isa = PBXFileReference; lastKnownFileType = "wrapper.pb-project"; name = ResearchKit.xcodeproj; path = resources/ResearchKit/ResearchKit.xcodeproj; sourceTree = "<group>"; };
		D8AFA8641D60BA850095BBC5 /* ConsentViewController.swift */ = {isa = PBXFileReference; fileEncoding = 4; lastKnownFileType = sourcecode.swift; name = ConsentViewController.swift; path = ViewControllers/ConsentViewController.swift; sourceTree = "<group>"; };
		D8C4A3C11D6445EC00A7D2B6 /* LineGraphDataSource.swift */ = {isa = PBXFileReference; fileEncoding = 4; lastKnownFileType = sourcecode.swift; name = LineGraphDataSource.swift; path = ViewControllers/LineGraphDataSource.swift; sourceTree = SOURCE_ROOT; };
		D8C4A3C91D6447C000A7D2B6 /* ProfilePageViewController.swift */ = {isa = PBXFileReference; fileEncoding = 4; lastKnownFileType = sourcecode.swift; name = ProfilePageViewController.swift; path = ViewControllers/ProfilePageViewController.swift; sourceTree = SOURCE_ROOT; };
		D8C4A3D11D644EBF00A7D2B6 /* Eventable.swift */ = {isa = PBXFileReference; fileEncoding = 4; lastKnownFileType = sourcecode.swift; name = Eventable.swift; path = ViewControllers/Eventable.swift; sourceTree = SOURCE_ROOT; };
		D8CD251F1D60555D0058AFC7 /* AffirmationsViewController.swift */ = {isa = PBXFileReference; fileEncoding = 4; lastKnownFileType = sourcecode.swift; path = AffirmationsViewController.swift; sourceTree = "<group>"; };
		D8CD25201D60555D0058AFC7 /* BreathViewController.swift */ = {isa = PBXFileReference; fileEncoding = 4; lastKnownFileType = sourcecode.swift; path = BreathViewController.swift; sourceTree = "<group>"; };
		D8CD25211D60555D0058AFC7 /* HomeViewController.swift */ = {isa = PBXFileReference; fileEncoding = 4; lastKnownFileType = sourcecode.swift; path = HomeViewController.swift; sourceTree = "<group>"; };
		D8CD25221D60555D0058AFC7 /* LandingViewController.swift */ = {isa = PBXFileReference; fileEncoding = 4; lastKnownFileType = sourcecode.swift; path = LandingViewController.swift; sourceTree = "<group>"; };
		D8CD25241D60555D0058AFC7 /* LoginViewController.swift */ = {isa = PBXFileReference; fileEncoding = 4; lastKnownFileType = sourcecode.swift; path = LoginViewController.swift; sourceTree = "<group>"; };
		D8CD25251D60555D0058AFC7 /* MenuTableViewController.swift */ = {isa = PBXFileReference; fileEncoding = 4; lastKnownFileType = sourcecode.swift; path = MenuTableViewController.swift; sourceTree = "<group>"; };
		D8CD25271D60555D0058AFC7 /* ProfileViewController.swift */ = {isa = PBXFileReference; fileEncoding = 4; lastKnownFileType = sourcecode.swift; path = ProfileViewController.swift; sourceTree = "<group>"; };
		D8CD25291D60555D0058AFC7 /* SWRevealViewController.h */ = {isa = PBXFileReference; fileEncoding = 4; lastKnownFileType = sourcecode.c.h; path = SWRevealViewController.h; sourceTree = "<group>"; };
		D8CD252A1D60555D0058AFC7 /* SWRevealViewController.m */ = {isa = PBXFileReference; fileEncoding = 4; lastKnownFileType = sourcecode.c.objc; path = SWRevealViewController.m; sourceTree = "<group>"; };
		D8CD25371D6055620058AFC7 /* AppDelegate.swift */ = {isa = PBXFileReference; fileEncoding = 4; lastKnownFileType = sourcecode.swift; path = AppDelegate.swift; sourceTree = "<group>"; };
		D8D4A6291D61196000DD7384 /* MenuController.swift */ = {isa = PBXFileReference; fileEncoding = 4; lastKnownFileType = sourcecode.swift; name = MenuController.swift; path = ViewControllers/MenuController.swift; sourceTree = "<group>"; };
		E03331655CFBB9E645ECAA80 /* Pods-Repose.release.xcconfig */ = {isa = PBXFileReference; includeInIndex = 1; lastKnownFileType = text.xcconfig; name = "Pods-Repose.release.xcconfig"; path = "Pods/Target Support Files/Pods-Repose/Pods-Repose.release.xcconfig"; sourceTree = "<group>"; };
/* End PBXFileReference section */

/* Begin PBXFrameworksBuildPhase section */
		D84DC00F1D5D1509000FF1FA /* Frameworks */ = {
			isa = PBXFrameworksBuildPhase;
			buildActionMask = 2147483647;
			files = (
				D887B4451D625BD3002FF270 /* ResearchKit.framework in Frameworks */,
				B5EE628724921C176E2E30CA /* Pods_Repose.framework in Frameworks */,
			);
			runOnlyForDeploymentPostprocessing = 0;
		};
		D84DC0231D5D1509000FF1FA /* Frameworks */ = {
			isa = PBXFrameworksBuildPhase;
			buildActionMask = 2147483647;
			files = (
			);
			runOnlyForDeploymentPostprocessing = 0;
		};
		D84DC02E1D5D1509000FF1FA /* Frameworks */ = {
			isa = PBXFrameworksBuildPhase;
			buildActionMask = 2147483647;
			files = (
			);
			runOnlyForDeploymentPostprocessing = 0;
		};
/* End PBXFrameworksBuildPhase section */

/* Begin PBXGroup section */
		398DD9AE1FD6182528B75BE4 /* Frameworks */ = {
			isa = PBXGroup;
			children = (
				979C8D81AF1E3ABD71261933 /* Pods_Repose.framework */,
			);
			name = Frameworks;
			sourceTree = "<group>";
		};
		83349904DAFB0F1583C01771 /* Pods */ = {
			isa = PBXGroup;
			children = (
				D54B87118091B52614760F96 /* Pods-Repose.debug.xcconfig */,
				E03331655CFBB9E645ECAA80 /* Pods-Repose.release.xcconfig */,
			);
			name = Pods;
			sourceTree = "<group>";
		};
		D84871781D62323A0086B4DC /* Products */ = {
			isa = PBXGroup;
			children = (
				D848717E1D62323A0086B4DC /* ResearchKit.framework */,
				D84871801D62323A0086B4DC /* ResearchKitTests.xctest */,
			);
			name = Products;
			sourceTree = "<group>";
		};
		D84DC0091D5D1509000FF1FA = {
			isa = PBXGroup;
			children = (
				D8436C261D623ACE00B92064 /* Podfile */,
				09F0B5D41D635FA7001AA084 /* LocationViewController.swift */,
				D887AEC01D62363A002B1F99 /* AffirmationsViewController.swift */,
				D887AEEB1D623810002B1F99 /* AppDelegate.swift */,
				D887AEC91D62363A002B1F99 /* BreathViewController.swift */,
				D887AECA1D62363A002B1F99 /* circleView.swift */,
				D887AEC71D62363A002B1F99 /* circleViewController.swift */,
				0931D5671D64F16600576225 /* LayerView.swift */,
				D887AEBD1D62363A002B1F99 /* CheckListTableViewCell.swift */,
				D887AEC41D62363A002B1F99 /* ConsentDocument.swift */,
				D887AECB1D62363A002B1F99 /* ConsentTask.swift */,
				D887AEC81D62363A002B1F99 /* ConsentViewController.swift */,
				D887AEB71D6235A7002B1F99 /* Default-568h@2x.png */,
				D887AEC31D62363A002B1F99 /* HomeViewController.swift */,
				D887AECC1D62363A002B1F99 /* LandingViewController.swift */,
				D887AEBC1D62363A002B1F99 /* LoginViewController.swift */,
				D887AEBE1D62363A002B1F99 /* ListItem.swift */,
				D887AEC61D62363A002B1F99 /* MenuController.swift */,
				D887AECE1D62363A002B1F99 /* MenuTableViewController.swift */,
				D887AECF1D62363A002B1F99 /* MicrophoneTask.swift */,
				D887AED01D62363A002B1F99 /* NewLifelineViewController.swift */,
				D887AEC51D62363A002B1F99 /* ProfileViewController.swift */,
				D887AEBF1D62363A002B1F99 /* SafetyChecklistViewController.swift */,
				D887AEED1D623873002B1F99 /* StrikeThroughText.swift */,
				D887AEC11D62363A002B1F99 /* SurveyTask.swift */,
				D887AEC21D62363A002B1F99 /* SurveyViewController.swift */,
				D8436C231D623A4E00B92064 /* SWRevealViewController.h */,
				D8436C241D623A4E00B92064 /* SWRevealViewController.m */,
				D8AFA8551D60B9D60095BBC5 /* ResearchKit.xcodeproj */,
				D8AFA53B1D60B9100095BBC5 /* ConsentDocument.swift */,
				D8AFA53C1D60B9100095BBC5 /* ConsentTask.swift */,
				D8AFA53E1D60B9100095BBC5 /* SurveyTask.swift */,
				D8AFA53F1D60B9100095BBC5 /* SurveyViewController.swift */,
				D8AFA8641D60BA850095BBC5 /* ConsentViewController.swift */,
				D84DC0141D5D1509000FF1FA /* Repose */,
				D84DC0291D5D1509000FF1FA /* ReposeTests */,
				D84DC0341D5D1509000FF1FA /* ReposeUITests */,
				D84DC0131D5D1509000FF1FA /* Products */,
				83349904DAFB0F1583C01771 /* Pods */,
				398DD9AE1FD6182528B75BE4 /* Frameworks */,
				D8436C221D623A4D00B92064 /* Repose-Bridging-Header.h */,
			);
			sourceTree = "<group>";
		};
		D84DC0131D5D1509000FF1FA /* Products */ = {
			isa = PBXGroup;
			children = (
				D84DC0121D5D1509000FF1FA /* Repose.app */,
				D84DC0261D5D1509000FF1FA /* ReposeTests.xctest */,
				D84DC0311D5D1509000FF1FA /* ReposeUITests.xctest */,
			);
			name = Products;
			sourceTree = "<group>";
		};
		D84DC0141D5D1509000FF1FA /* Repose */ = {
			isa = PBXGroup;
			children = (
				D8436C2D1D623FD500B92064 /* Main.storyboard */,
				D8C4A3D11D644EBF00A7D2B6 /* Eventable.swift */,
				D8C4A3C91D6447C000A7D2B6 /* ProfilePageViewController.swift */,
				D8C4A3C11D6445EC00A7D2B6 /* LineGraphDataSource.swift */,
				D81DBE441D64425B000894E6 /* LifelineViewController.swift */,
				D81DBE451D64425B000894E6 /* LifelineTableViewCell.swift */,
				D81DBE461D64425B000894E6 /* LifelinesTableViewController.swift */,
				D81DBE471D64425B000894E6 /* Lifeline.swift */,
				D8CD251E1D60555D0058AFC7 /* ViewControllers */,
				D8CD25361D6055620058AFC7 /* resources */,
				D852FDB01D618D79006BD316 /* ListItem.swift */,
				D852FDAE1D618CA4006BD316 /* SafetyChecklistViewController.swift */,
				D852FDB21D618DDE006BD316 /* CheckListTableViewCell.swift */,
				D8D4A6291D61196000DD7384 /* MenuController.swift */,
				D84DC01C1D5D1509000FF1FA /* Assets.xcassets */,
				D84DC0211D5D1509000FF1FA /* Info.plist */,
				D841BAA81D601D170002727E /* Podfile */,
			);
			path = Repose;
			sourceTree = "<group>";
		};
		D84DC0291D5D1509000FF1FA /* ReposeTests */ = {
			isa = PBXGroup;
			children = (
				D84DC02A1D5D1509000FF1FA /* ReposeTests.swift */,
				D84DC02C1D5D1509000FF1FA /* Info.plist */,
			);
			path = ReposeTests;
			sourceTree = "<group>";
		};
		D84DC0341D5D1509000FF1FA /* ReposeUITests */ = {
			isa = PBXGroup;
			children = (
				D84DC0351D5D1509000FF1FA /* ReposeUITests.swift */,
				D84DC0371D5D1509000FF1FA /* Info.plist */,
			);
			path = ReposeUITests;
			sourceTree = "<group>";
		};
		D8CD251E1D60555D0058AFC7 /* ViewControllers */ = {
			isa = PBXGroup;
			children = (
				D8AFA5361D60A2FA0095BBC5 /* circleView.swift */,
				D8AFA5341D60A2F50095BBC5 /* circleViewController.swift */,
				D8CD251F1D60555D0058AFC7 /* AffirmationsViewController.swift */,
				D8CD25201D60555D0058AFC7 /* BreathViewController.swift */,
				D8CD25211D60555D0058AFC7 /* HomeViewController.swift */,
				D8CD25221D60555D0058AFC7 /* LandingViewController.swift */,
				D8CD25241D60555D0058AFC7 /* LoginViewController.swift */,
				D8CD25251D60555D0058AFC7 /* MenuTableViewController.swift */,
				D8CD25271D60555D0058AFC7 /* ProfileViewController.swift */,
				D8CD25291D60555D0058AFC7 /* SWRevealViewController.h */,
				D8CD252A1D60555D0058AFC7 /* SWRevealViewController.m */,
			);
			path = ViewControllers;
			sourceTree = SOURCE_ROOT;
		};
		D8CD25361D6055620058AFC7 /* resources */ = {
			isa = PBXGroup;
			children = (
				D8CD25371D6055620058AFC7 /* AppDelegate.swift */,
			);
			path = resources;
			sourceTree = SOURCE_ROOT;
		};
/* End PBXGroup section */

/* Begin PBXNativeTarget section */
		D84DC0111D5D1509000FF1FA /* Repose */ = {
			isa = PBXNativeTarget;
			buildConfigurationList = D84DC03A1D5D1509000FF1FA /* Build configuration list for PBXNativeTarget "Repose" */;
			buildPhases = (
				9F4D11BFDADDAB42574E99E5 /* [CP] Check Pods Manifest.lock */,
				D84DC00E1D5D1509000FF1FA /* Sources */,
				D84DC00F1D5D1509000FF1FA /* Frameworks */,
				D84DC0101D5D1509000FF1FA /* Resources */,
				A12127DC0B8B6D21AB91BAA7 /* [CP] Embed Pods Frameworks */,
				AF3E835968E25A47EE4C8782 /* [CP] Copy Pods Resources */,
				D8AFA8631D60B9DE0095BBC5 /* Embed Frameworks */,
			);
			buildRules = (
			);
			dependencies = (
				D887B4481D625BD3002FF270 /* PBXTargetDependency */,
			);
			name = Repose;
			productName = Repose;
			productReference = D84DC0121D5D1509000FF1FA /* Repose.app */;
			productType = "com.apple.product-type.application";
		};
		D84DC0251D5D1509000FF1FA /* ReposeTests */ = {
			isa = PBXNativeTarget;
			buildConfigurationList = D84DC03D1D5D1509000FF1FA /* Build configuration list for PBXNativeTarget "ReposeTests" */;
			buildPhases = (
				D84DC0221D5D1509000FF1FA /* Sources */,
				D84DC0231D5D1509000FF1FA /* Frameworks */,
				D84DC0241D5D1509000FF1FA /* Resources */,
			);
			buildRules = (
			);
			dependencies = (
				D84DC0281D5D1509000FF1FA /* PBXTargetDependency */,
			);
			name = ReposeTests;
			productName = ReposeTests;
			productReference = D84DC0261D5D1509000FF1FA /* ReposeTests.xctest */;
			productType = "com.apple.product-type.bundle.unit-test";
		};
		D84DC0301D5D1509000FF1FA /* ReposeUITests */ = {
			isa = PBXNativeTarget;
			buildConfigurationList = D84DC0401D5D1509000FF1FA /* Build configuration list for PBXNativeTarget "ReposeUITests" */;
			buildPhases = (
				D84DC02D1D5D1509000FF1FA /* Sources */,
				D84DC02E1D5D1509000FF1FA /* Frameworks */,
				D84DC02F1D5D1509000FF1FA /* Resources */,
			);
			buildRules = (
			);
			dependencies = (
				D84DC0331D5D1509000FF1FA /* PBXTargetDependency */,
			);
			name = ReposeUITests;
			productName = ReposeUITests;
			productReference = D84DC0311D5D1509000FF1FA /* ReposeUITests.xctest */;
			productType = "com.apple.product-type.bundle.ui-testing";
		};
/* End PBXNativeTarget section */

/* Begin PBXProject section */
		D84DC00A1D5D1509000FF1FA /* Project object */ = {
			isa = PBXProject;
			attributes = {
				LastSwiftUpdateCheck = 0730;
				LastUpgradeCheck = 0730;
				ORGANIZATIONNAME = "Repo Men";
				TargetAttributes = {
					D84DC0111D5D1509000FF1FA = {
						CreatedOnToolsVersion = 7.3.1;
						DevelopmentTeam = VMHYSDB9X4;
					};
					D84DC0251D5D1509000FF1FA = {
						CreatedOnToolsVersion = 7.3.1;
						DevelopmentTeam = VMHYSDB9X4;
						TestTargetID = D84DC0111D5D1509000FF1FA;
					};
					D84DC0301D5D1509000FF1FA = {
						CreatedOnToolsVersion = 7.3.1;
						DevelopmentTeam = VMHYSDB9X4;
						TestTargetID = D84DC0111D5D1509000FF1FA;
					};
				};
			};
			buildConfigurationList = D84DC00D1D5D1509000FF1FA /* Build configuration list for PBXProject "Repose" */;
			compatibilityVersion = "Xcode 3.2";
			developmentRegion = English;
			hasScannedForEncodings = 0;
			knownRegions = (
				en,
				Base,
				ar,
				ca,
				cs,
				da,
				de,
				el,
				en_AU,
				en_GB,
				es,
				es_MX,
				fi,
				fr,
				fr_CA,
				he,
				hi,
				hr,
				hu,
				id,
				it,
				ja,
				ko,
				ms,
				nl,
				no,
				pl,
				pt,
				pt_PT,
				ro,
				ru,
				sk,
				sv,
				th,
				tr,
				uk,
				vi,
				zh_CN,
				zh_HK,
				zh_TW,
			);
			mainGroup = D84DC0091D5D1509000FF1FA;
			productRefGroup = D84DC0131D5D1509000FF1FA /* Products */;
			projectDirPath = "";
			projectReferences = (
				{
					ProductGroup = D84871781D62323A0086B4DC /* Products */;
					ProjectRef = D8AFA8551D60B9D60095BBC5 /* ResearchKit.xcodeproj */;
				},
			);
			projectRoot = "";
			targets = (
				D84DC0111D5D1509000FF1FA /* Repose */,
				D84DC0251D5D1509000FF1FA /* ReposeTests */,
				D84DC0301D5D1509000FF1FA /* ReposeUITests */,
			);
		};
/* End PBXProject section */

/* Begin PBXReferenceProxy section */
		D848717E1D62323A0086B4DC /* ResearchKit.framework */ = {
			isa = PBXReferenceProxy;
			fileType = wrapper.framework;
			path = ResearchKit.framework;
			remoteRef = D848717D1D62323A0086B4DC /* PBXContainerItemProxy */;
			sourceTree = BUILT_PRODUCTS_DIR;
		};
		D84871801D62323A0086B4DC /* ResearchKitTests.xctest */ = {
			isa = PBXReferenceProxy;
			fileType = wrapper.cfbundle;
			path = ResearchKitTests.xctest;
			remoteRef = D848717F1D62323A0086B4DC /* PBXContainerItemProxy */;
			sourceTree = BUILT_PRODUCTS_DIR;
		};
/* End PBXReferenceProxy section */

/* Begin PBXResourcesBuildPhase section */
		D84DC0101D5D1509000FF1FA /* Resources */ = {
			isa = PBXResourcesBuildPhase;
			buildActionMask = 2147483647;
			files = (
				D8436C2B1D623E2700B92064 /* Assets.xcassets in Resources */,
				D8436C271D623D9000B92064 /* Podfile in Resources */,
				D887AEB81D6235A7002B1F99 /* Default-568h@2x.png in Resources */,
				D8436C2F1D623FD500B92064 /* Main.storyboard in Resources */,
			);
			runOnlyForDeploymentPostprocessing = 0;
		};
		D84DC0241D5D1509000FF1FA /* Resources */ = {
			isa = PBXResourcesBuildPhase;
			buildActionMask = 2147483647;
			files = (
			);
			runOnlyForDeploymentPostprocessing = 0;
		};
		D84DC02F1D5D1509000FF1FA /* Resources */ = {
			isa = PBXResourcesBuildPhase;
			buildActionMask = 2147483647;
			files = (
			);
			runOnlyForDeploymentPostprocessing = 0;
		};
/* End PBXResourcesBuildPhase section */

/* Begin PBXShellScriptBuildPhase section */
		9F4D11BFDADDAB42574E99E5 /* [CP] Check Pods Manifest.lock */ = {
			isa = PBXShellScriptBuildPhase;
			buildActionMask = 2147483647;
			files = (
			);
			inputPaths = (
			);
			name = "[CP] Check Pods Manifest.lock";
			outputPaths = (
			);
			runOnlyForDeploymentPostprocessing = 0;
			shellPath = /bin/sh;
			shellScript = "diff \"${PODS_ROOT}/../Podfile.lock\" \"${PODS_ROOT}/Manifest.lock\" > /dev/null\nif [[ $? != 0 ]] ; then\n    cat << EOM\nerror: The sandbox is not in sync with the Podfile.lock. Run 'pod install' or update your CocoaPods installation.\nEOM\n    exit 1\nfi\n";
			showEnvVarsInLog = 0;
		};
		A12127DC0B8B6D21AB91BAA7 /* [CP] Embed Pods Frameworks */ = {
			isa = PBXShellScriptBuildPhase;
			buildActionMask = 2147483647;
			files = (
			);
			inputPaths = (
			);
			name = "[CP] Embed Pods Frameworks";
			outputPaths = (
			);
			runOnlyForDeploymentPostprocessing = 0;
			shellPath = /bin/sh;
			shellScript = "\"${SRCROOT}/Pods/Target Support Files/Pods-Repose/Pods-Repose-frameworks.sh\"\n";
			showEnvVarsInLog = 0;
		};
		AF3E835968E25A47EE4C8782 /* [CP] Copy Pods Resources */ = {
			isa = PBXShellScriptBuildPhase;
			buildActionMask = 2147483647;
			files = (
			);
			inputPaths = (
			);
			name = "[CP] Copy Pods Resources";
			outputPaths = (
			);
			runOnlyForDeploymentPostprocessing = 0;
			shellPath = /bin/sh;
			shellScript = "\"${SRCROOT}/Pods/Target Support Files/Pods-Repose/Pods-Repose-resources.sh\"\n";
			showEnvVarsInLog = 0;
		};
/* End PBXShellScriptBuildPhase section */

/* Begin PBXSourcesBuildPhase section */
		D84DC00E1D5D1509000FF1FA /* Sources */ = {
			isa = PBXSourcesBuildPhase;
			buildActionMask = 2147483647;
			files = (
				D887AEEC1D623810002B1F99 /* AppDelegate.swift in Sources */,
				D887AEEE1D623873002B1F99 /* StrikeThroughText.swift in Sources */,
				0931D5681D64F16600576225 /* LayerView.swift in Sources */,
				D887AED31D62363A002B1F99 /* LoginViewController.swift in Sources */,
				D887AED41D62363A002B1F99 /* CheckListTableViewCell.swift in Sources */,
				D8C4A3CA1D6447C000A7D2B6 /* ProfilePageViewController.swift in Sources */,
				D887AED51D62363A002B1F99 /* ListItem.swift in Sources */,
				D887AED61D62363A002B1F99 /* SafetyChecklistViewController.swift in Sources */,
				D887AED71D62363A002B1F99 /* AffirmationsViewController.swift in Sources */,
				D887AED81D62363A002B1F99 /* SurveyTask.swift in Sources */,
				D887AED91D62363A002B1F99 /* SurveyViewController.swift in Sources */,
				D887AEDB1D62363A002B1F99 /* ConsentDocument.swift in Sources */,
				D81DBE491D64425B000894E6 /* LifelineTableViewCell.swift in Sources */,
				D81DBE481D64425B000894E6 /* LifelineViewController.swift in Sources */,
				09F0B5D51D635FA7001AA084 /* LocationViewController.swift in Sources */,
				D887AEDD1D62363A002B1F99 /* MenuController.swift in Sources */,
				D8436C251D623A4E00B92064 /* SWRevealViewController.m in Sources */,
				D887AEDE1D62363A002B1F99 /* circleViewController.swift in Sources */,
				D887AEDF1D62363A002B1F99 /* ConsentViewController.swift in Sources */,
				D887AEE01D62363A002B1F99 /* BreathViewController.swift in Sources */,
				D887AEE11D62363A002B1F99 /* circleView.swift in Sources */,
				D887AEE21D62363A002B1F99 /* ConsentTask.swift in Sources */,
				D887AEE31D62363A002B1F99 /* LandingViewController.swift in Sources */,
				D887AEE51D62363A002B1F99 /* MenuTableViewController.swift in Sources */,
				D8C4A3C51D6445EC00A7D2B6 /* LineGraphDataSource.swift in Sources */,
				D887AEE61D62363A002B1F99 /* MicrophoneTask.swift in Sources */,
				D8C4A3D21D644EBF00A7D2B6 /* Eventable.swift in Sources */,
				D887AEE71D62363A002B1F99 /* NewLifelineViewController.swift in Sources */,
				D81DBE4B1D64425B000894E6 /* Lifeline.swift in Sources */,
				D887AEDC1D62363A002B1F99 /* ProfileViewController.swift in Sources */,
				D887AEDA1D62363A002B1F99 /* HomeViewController.swift in Sources */,
				D81DBE4A1D64425B000894E6 /* LifelinesTableViewController.swift in Sources */,
			);
			runOnlyForDeploymentPostprocessing = 0;
		};
		D84DC0221D5D1509000FF1FA /* Sources */ = {
			isa = PBXSourcesBuildPhase;
			buildActionMask = 2147483647;
			files = (
				D84DC02B1D5D1509000FF1FA /* ReposeTests.swift in Sources */,
			);
			runOnlyForDeploymentPostprocessing = 0;
		};
		D84DC02D1D5D1509000FF1FA /* Sources */ = {
			isa = PBXSourcesBuildPhase;
			buildActionMask = 2147483647;
			files = (
				D84DC0361D5D1509000FF1FA /* ReposeUITests.swift in Sources */,
			);
			runOnlyForDeploymentPostprocessing = 0;
		};
/* End PBXSourcesBuildPhase section */

/* Begin PBXTargetDependency section */
		D84DC0281D5D1509000FF1FA /* PBXTargetDependency */ = {
			isa = PBXTargetDependency;
			target = D84DC0111D5D1509000FF1FA /* Repose */;
			targetProxy = D84DC0271D5D1509000FF1FA /* PBXContainerItemProxy */;
		};
		D84DC0331D5D1509000FF1FA /* PBXTargetDependency */ = {
			isa = PBXTargetDependency;
			target = D84DC0111D5D1509000FF1FA /* Repose */;
			targetProxy = D84DC0321D5D1509000FF1FA /* PBXContainerItemProxy */;
		};
		D887B4481D625BD3002FF270 /* PBXTargetDependency */ = {
			isa = PBXTargetDependency;
			name = ResearchKit;
			targetProxy = D887B4471D625BD3002FF270 /* PBXContainerItemProxy */;
		};
/* End PBXTargetDependency section */

/* Begin PBXVariantGroup section */
		D8436C2D1D623FD500B92064 /* Main.storyboard */ = {
			isa = PBXVariantGroup;
			children = (
				D8436C2E1D623FD500B92064 /* Base */,
			);
			name = Main.storyboard;
			sourceTree = "<group>";
		};
/* End PBXVariantGroup section */

/* Begin XCBuildConfiguration section */
		D84DC0381D5D1509000FF1FA /* Debug */ = {
			isa = XCBuildConfiguration;
			buildSettings = {
				ALWAYS_SEARCH_USER_PATHS = NO;
				CLANG_ANALYZER_NONNULL = YES;
				CLANG_CXX_LANGUAGE_STANDARD = "gnu++0x";
				CLANG_CXX_LIBRARY = "libc++";
				CLANG_ENABLE_MODULES = YES;
				CLANG_ENABLE_OBJC_ARC = YES;
				CLANG_WARN_BOOL_CONVERSION = YES;
				CLANG_WARN_CONSTANT_CONVERSION = YES;
				CLANG_WARN_DIRECT_OBJC_ISA_USAGE = YES_ERROR;
				CLANG_WARN_EMPTY_BODY = YES;
				CLANG_WARN_ENUM_CONVERSION = YES;
				CLANG_WARN_INT_CONVERSION = YES;
				CLANG_WARN_OBJC_ROOT_CLASS = YES_ERROR;
				CLANG_WARN_UNREACHABLE_CODE = YES;
				CLANG_WARN__DUPLICATE_METHOD_MATCH = YES;
				"CODE_SIGN_IDENTITY[sdk=iphoneos*]" = "iPhone Developer";
				COPY_PHASE_STRIP = NO;
				DEBUG_INFORMATION_FORMAT = dwarf;
				ENABLE_STRICT_OBJC_MSGSEND = YES;
				ENABLE_TESTABILITY = YES;
				FRAMEWORK_SEARCH_PATHS = "/Users/jrojran/path-to-framework-parent-directory";
				GCC_C_LANGUAGE_STANDARD = gnu99;
				GCC_DYNAMIC_NO_PIC = NO;
				GCC_NO_COMMON_BLOCKS = YES;
				GCC_OPTIMIZATION_LEVEL = 0;
				GCC_PREPROCESSOR_DEFINITIONS = (
					"DEBUG=1",
					"$(inherited)",
				);
				GCC_WARN_64_TO_32_BIT_CONVERSION = YES;
				GCC_WARN_ABOUT_RETURN_TYPE = YES_ERROR;
				GCC_WARN_UNDECLARED_SELECTOR = YES;
				GCC_WARN_UNINITIALIZED_AUTOS = YES_AGGRESSIVE;
				GCC_WARN_UNUSED_FUNCTION = YES;
				GCC_WARN_UNUSED_VARIABLE = YES;
				IPHONEOS_DEPLOYMENT_TARGET = 9.3;
				MTL_ENABLE_DEBUG_INFO = YES;
				ONLY_ACTIVE_ARCH = YES;
				SDKROOT = iphoneos;
				SWIFT_OBJC_BRIDGING_HEADER = "";
				SWIFT_OPTIMIZATION_LEVEL = "-Onone";
			};
			name = Debug;
		};
		D84DC0391D5D1509000FF1FA /* Release */ = {
			isa = XCBuildConfiguration;
			buildSettings = {
				ALWAYS_SEARCH_USER_PATHS = NO;
				CLANG_ANALYZER_NONNULL = YES;
				CLANG_CXX_LANGUAGE_STANDARD = "gnu++0x";
				CLANG_CXX_LIBRARY = "libc++";
				CLANG_ENABLE_MODULES = YES;
				CLANG_ENABLE_OBJC_ARC = YES;
				CLANG_WARN_BOOL_CONVERSION = YES;
				CLANG_WARN_CONSTANT_CONVERSION = YES;
				CLANG_WARN_DIRECT_OBJC_ISA_USAGE = YES_ERROR;
				CLANG_WARN_EMPTY_BODY = YES;
				CLANG_WARN_ENUM_CONVERSION = YES;
				CLANG_WARN_INT_CONVERSION = YES;
				CLANG_WARN_OBJC_ROOT_CLASS = YES_ERROR;
				CLANG_WARN_UNREACHABLE_CODE = YES;
				CLANG_WARN__DUPLICATE_METHOD_MATCH = YES;
				"CODE_SIGN_IDENTITY[sdk=iphoneos*]" = "iPhone Developer";
				COPY_PHASE_STRIP = NO;
				DEBUG_INFORMATION_FORMAT = "dwarf-with-dsym";
				ENABLE_NS_ASSERTIONS = NO;
				ENABLE_STRICT_OBJC_MSGSEND = YES;
				FRAMEWORK_SEARCH_PATHS = "/Users/jrojran/path-to-framework-parent-directory";
				GCC_C_LANGUAGE_STANDARD = gnu99;
				GCC_NO_COMMON_BLOCKS = YES;
				GCC_WARN_64_TO_32_BIT_CONVERSION = YES;
				GCC_WARN_ABOUT_RETURN_TYPE = YES_ERROR;
				GCC_WARN_UNDECLARED_SELECTOR = YES;
				GCC_WARN_UNINITIALIZED_AUTOS = YES_AGGRESSIVE;
				GCC_WARN_UNUSED_FUNCTION = YES;
				GCC_WARN_UNUSED_VARIABLE = YES;
				IPHONEOS_DEPLOYMENT_TARGET = 9.3;
				MTL_ENABLE_DEBUG_INFO = NO;
				SDKROOT = iphoneos;
				SWIFT_OBJC_BRIDGING_HEADER = "";
				VALIDATE_PRODUCT = YES;
			};
			name = Release;
		};
		D84DC03B1D5D1509000FF1FA /* Debug */ = {
			isa = XCBuildConfiguration;
			baseConfigurationReference = D54B87118091B52614760F96 /* Pods-Repose.debug.xcconfig */;
			buildSettings = {
				CLANG_ENABLE_MODULES = YES;
				EMBEDDED_CONTENT_CONTAINS_SWIFT = YES;
				INFOPLIST_FILE = "$(SRCROOT)/Info.plist";
				LD_RUNPATH_SEARCH_PATHS = "$(inherited) @executable_path/Frameworks";
				PRODUCT_BUNDLE_IDENTIFIER = "repo-men.Repose";
				PRODUCT_NAME = "$(TARGET_NAME)";
				SWIFT_OBJC_BRIDGING_HEADER = "Repose-Bridging-Header.h";
				SWIFT_OPTIMIZATION_LEVEL = "-Onone";
			};
			name = Debug;
		};
		D84DC03C1D5D1509000FF1FA /* Release */ = {
			isa = XCBuildConfiguration;
			baseConfigurationReference = E03331655CFBB9E645ECAA80 /* Pods-Repose.release.xcconfig */;
			buildSettings = {
				CLANG_ENABLE_MODULES = YES;
				EMBEDDED_CONTENT_CONTAINS_SWIFT = YES;
				INFOPLIST_FILE = "$(SRCROOT)/Info.plist";
				LD_RUNPATH_SEARCH_PATHS = "$(inherited) @executable_path/Frameworks";
				PRODUCT_BUNDLE_IDENTIFIER = "repo-men.Repose";
				PRODUCT_NAME = "$(TARGET_NAME)";
				SWIFT_OBJC_BRIDGING_HEADER = "Repose-Bridging-Header.h";
			};
			name = Release;
		};
		D84DC03E1D5D1509000FF1FA /* Debug */ = {
			isa = XCBuildConfiguration;
			buildSettings = {
				BUNDLE_LOADER = "$(TEST_HOST)";
				INFOPLIST_FILE = ReposeTests/Info.plist;
				LD_RUNPATH_SEARCH_PATHS = "$(inherited) @executable_path/Frameworks @loader_path/Frameworks";
				PRODUCT_BUNDLE_IDENTIFIER = "repo-men.ReposeTests";
				PRODUCT_NAME = "$(TARGET_NAME)";
				TEST_HOST = "$(BUILT_PRODUCTS_DIR)/Repose.app/Repose";
			};
			name = Debug;
		};
		D84DC03F1D5D1509000FF1FA /* Release */ = {
			isa = XCBuildConfiguration;
			buildSettings = {
				BUNDLE_LOADER = "$(TEST_HOST)";
				INFOPLIST_FILE = ReposeTests/Info.plist;
				LD_RUNPATH_SEARCH_PATHS = "$(inherited) @executable_path/Frameworks @loader_path/Frameworks";
				PRODUCT_BUNDLE_IDENTIFIER = "repo-men.ReposeTests";
				PRODUCT_NAME = "$(TARGET_NAME)";
				TEST_HOST = "$(BUILT_PRODUCTS_DIR)/Repose.app/Repose";
			};
			name = Release;
		};
		D84DC0411D5D1509000FF1FA /* Debug */ = {
			isa = XCBuildConfiguration;
			buildSettings = {
				INFOPLIST_FILE = ReposeUITests/Info.plist;
				LD_RUNPATH_SEARCH_PATHS = "$(inherited) @executable_path/Frameworks @loader_path/Frameworks";
				PRODUCT_BUNDLE_IDENTIFIER = "repo-men.ReposeUITests";
				PRODUCT_NAME = "$(TARGET_NAME)";
				TEST_TARGET_NAME = Repose;
			};
			name = Debug;
		};
		D84DC0421D5D1509000FF1FA /* Release */ = {
			isa = XCBuildConfiguration;
			buildSettings = {
				INFOPLIST_FILE = ReposeUITests/Info.plist;
				LD_RUNPATH_SEARCH_PATHS = "$(inherited) @executable_path/Frameworks @loader_path/Frameworks";
				PRODUCT_BUNDLE_IDENTIFIER = "repo-men.ReposeUITests";
				PRODUCT_NAME = "$(TARGET_NAME)";
				TEST_TARGET_NAME = Repose;
			};
			name = Release;
		};
/* End XCBuildConfiguration section */

/* Begin XCConfigurationList section */
		D84DC00D1D5D1509000FF1FA /* Build configuration list for PBXProject "Repose" */ = {
			isa = XCConfigurationList;
			buildConfigurations = (
				D84DC0381D5D1509000FF1FA /* Debug */,
				D84DC0391D5D1509000FF1FA /* Release */,
			);
			defaultConfigurationIsVisible = 0;
			defaultConfigurationName = Release;
		};
		D84DC03A1D5D1509000FF1FA /* Build configuration list for PBXNativeTarget "Repose" */ = {
			isa = XCConfigurationList;
			buildConfigurations = (
				D84DC03B1D5D1509000FF1FA /* Debug */,
				D84DC03C1D5D1509000FF1FA /* Release */,
			);
			defaultConfigurationIsVisible = 0;
			defaultConfigurationName = Release;
		};
		D84DC03D1D5D1509000FF1FA /* Build configuration list for PBXNativeTarget "ReposeTests" */ = {
			isa = XCConfigurationList;
			buildConfigurations = (
				D84DC03E1D5D1509000FF1FA /* Debug */,
				D84DC03F1D5D1509000FF1FA /* Release */,
			);
			defaultConfigurationIsVisible = 0;
			defaultConfigurationName = Release;
		};
		D84DC0401D5D1509000FF1FA /* Build configuration list for PBXNativeTarget "ReposeUITests" */ = {
			isa = XCConfigurationList;
			buildConfigurations = (
				D84DC0411D5D1509000FF1FA /* Debug */,
				D84DC0421D5D1509000FF1FA /* Release */,
			);
			defaultConfigurationIsVisible = 0;
			defaultConfigurationName = Release;
		};
/* End XCConfigurationList section */
	};
	rootObject = D84DC00A1D5D1509000FF1FA /* Project object */;
}
